
Microsoft Visual Studio Solution File, Format Version 12.00
# Visual Studio Version 16
VisualStudioVersion = 16.0.29911.84
MinimumVisualStudioVersion = 10.0.40219.1
Project("{FAE04EC0-301F-11D3-BF4B-00C04F79EFBC}") = "ToDo", "ToDo\ToDo.csproj", "{9AA3F4F5-926B-4A9A-AE9A-F3711BDA7DF8}"
EndProject
Global
	GlobalSection(SolutionConfigurationPlatforms) = preSolution
		Debug|Any CPU = Debug|Any CPU
		Release|Any CPU = Release|Any CPU
	EndGlobalSection
	GlobalSection(ProjectConfigurationPlatforms) = postSolution
		{9AA3F4F5-926B-4A9A-AE9A-F3711BDA7DF8}.Debug|Any CPU.ActiveCfg = Debug|Any CPU
		{9AA3F4F5-926B-4A9A-AE9A-F3711BDA7DF8}.Debug|Any CPU.Build.0 = Debug|Any CPU
		{9AA3F4F5-926B-4A9A-AE9A-F3711BDA7DF8}.Release|Any CPU.ActiveCfg = Release|Any CPU
		{9AA3F4F5-926B-4A9A-AE9A-F3711BDA7DF8}.Release|Any CPU.Build.0 = Release|Any CPU
	EndGlobalSection
	GlobalSection(SolutionProperties) = preSolution
		HideSolutionNode = FALSE
	EndGlobalSection
	GlobalSection(ExtensibilityGlobals) = postSolution
		SolutionGuid = {AE50B7E3-EC23-4436-ABB4-9A98F91FBD23}
	EndGlobalSection
EndGlobal
